// !$*UTF8*$!
{
	archiveVersion = 1;
	classes = {
	};
	objectVersion = 48;
	objects = {

/* Begin PBXBuildFile section */
		0514203220688A1C00BE8CE6 /* Wrapper.swift in Sources */ = {isa = PBXBuildFile; fileRef = 0514203120688A1C00BE8CE6 /* Wrapper.swift */; };
		058C878120868327009CF8AB /* Memory.swift in Sources */ = {isa = PBXBuildFile; fileRef = 058C878020868327009CF8AB /* Memory.swift */; };
		1A3EA2C62034FA4900EC10CE /* AppDelegate.m in Sources */ = {isa = PBXBuildFile; fileRef = 1A3EA2C52034FA4900EC10CE /* AppDelegate.m */; };
		1A3EA2C92034FA4900EC10CE /* ViewController.m in Sources */ = {isa = PBXBuildFile; fileRef = 1A3EA2C82034FA4900EC10CE /* ViewController.m */; };
		1A3EA2CC2034FA4900EC10CE /* Main.storyboard in Resources */ = {isa = PBXBuildFile; fileRef = 1A3EA2CA2034FA4900EC10CE /* Main.storyboard */; };
		1A3EA2CE2034FA4900EC10CE /* Assets.xcassets in Resources */ = {isa = PBXBuildFile; fileRef = 1A3EA2CD2034FA4900EC10CE /* Assets.xcassets */; };
		1A3EA2D12034FA4900EC10CE /* LaunchScreen.storyboard in Resources */ = {isa = PBXBuildFile; fileRef = 1A3EA2CF2034FA4900EC10CE /* LaunchScreen.storyboard */; };
		1A3EA2D42034FA4900EC10CE /* main.m in Sources */ = {isa = PBXBuildFile; fileRef = 1A3EA2D32034FA4900EC10CE /* main.m */; };
		1A3EA2DE2034FA4900EC10CE /* CompisTests.m in Sources */ = {isa = PBXBuildFile; fileRef = 1A3EA2DD2034FA4900EC10CE /* CompisTests.m */; };
		1A3EA2E92034FA4A00EC10CE /* CompisUITests.m in Sources */ = {isa = PBXBuildFile; fileRef = 1A3EA2E82034FA4A00EC10CE /* CompisUITests.m */; };
		1A3EA31F2034FB5500EC10CE /* tokenizer.lm in Sources */ = {isa = PBXBuildFile; fileRef = 1A3EA31C2034FB5500EC10CE /* tokenizer.lm */; };
		1A3EA3202034FB5500EC10CE /* parser.ym in Sources */ = {isa = PBXBuildFile; fileRef = 1A3EA31D2034FB5500EC10CE /* parser.ym */; };
		1A3EA3252034FF7600EC10CE /* UIKit.framework in Frameworks */ = {isa = PBXBuildFile; fileRef = 1A3EA3242034FF7500EC10CE /* UIKit.framework */; };
		1A3EA3282034FF9800EC10CE /* CoreGraphics.framework in Frameworks */ = {isa = PBXBuildFile; fileRef = 1A3EA3262034FF9800EC10CE /* CoreGraphics.framework */; };
		1A3EA3292034FF9800EC10CE /* Foundation.framework in Frameworks */ = {isa = PBXBuildFile; fileRef = 1A3EA3272034FF9800EC10CE /* Foundation.framework */; };
		1A6A267E20532E8100C8E9FF /* DataBridge.m in Sources */ = {isa = PBXBuildFile; fileRef = 1A6A267D20532E8100C8E9FF /* DataBridge.m */; };
		1A6A2681205335DE00C8E9FF /* Tables.swift in Sources */ = {isa = PBXBuildFile; fileRef = 1A6A2680205335DE00C8E9FF /* Tables.swift */; };
		1A8DD39B205C68EF00F6070E /* Quadruples.swift in Sources */ = {isa = PBXBuildFile; fileRef = 1A8DD39A205C68EF00F6070E /* Quadruples.swift */; };
		1A8DD39D205C6D9E00F6070E /* OperationTable.plist in Resources */ = {isa = PBXBuildFile; fileRef = 1A8DD39C205C6D9E00F6070E /* OperationTable.plist */; };
		1ABCE2542086CD4A0052D4E6 /* Execution.swift in Sources */ = {isa = PBXBuildFile; fileRef = 1ABCE2532086CD4A0052D4E6 /* Execution.swift */; };
		1AD0A88E2068494000AFB9D7 /* VirtualMemory.swift in Sources */ = {isa = PBXBuildFile; fileRef = 1AD0A88D2068494000AFB9D7 /* VirtualMemory.swift */; };
		1AE1C2EA207EC27C00F53B2A /* Structures.swift in Sources */ = {isa = PBXBuildFile; fileRef = 1AE1C2E9207EC27C00F53B2A /* Structures.swift */; };
/* End PBXBuildFile section */

/* Begin PBXContainerItemProxy section */
		1A3EA2DA2034FA4900EC10CE /* PBXContainerItemProxy */ = {
			isa = PBXContainerItemProxy;
			containerPortal = 1A3EA2B92034FA4900EC10CE /* Project object */;
			proxyType = 1;
			remoteGlobalIDString = 1A3EA2C02034FA4900EC10CE;
			remoteInfo = Compis;
		};
		1A3EA2E52034FA4A00EC10CE /* PBXContainerItemProxy */ = {
			isa = PBXContainerItemProxy;
			containerPortal = 1A3EA2B92034FA4900EC10CE /* Project object */;
			proxyType = 1;
			remoteGlobalIDString = 1A3EA2C02034FA4900EC10CE;
			remoteInfo = Compis;
		};
/* End PBXContainerItemProxy section */

/* Begin PBXFileReference section */
		0514203120688A1C00BE8CE6 /* Wrapper.swift */ = {isa = PBXFileReference; lastKnownFileType = sourcecode.swift; path = Wrapper.swift; sourceTree = "<group>"; };
		058C878020868327009CF8AB /* Memory.swift */ = {isa = PBXFileReference; lastKnownFileType = sourcecode.swift; path = Memory.swift; sourceTree = "<group>"; };
		1A3EA2C12034FA4900EC10CE /* Compis.app */ = {isa = PBXFileReference; explicitFileType = wrapper.application; includeInIndex = 0; path = Compis.app; sourceTree = BUILT_PRODUCTS_DIR; };
		1A3EA2C42034FA4900EC10CE /* AppDelegate.h */ = {isa = PBXFileReference; lastKnownFileType = sourcecode.c.h; path = AppDelegate.h; sourceTree = "<group>"; };
		1A3EA2C52034FA4900EC10CE /* AppDelegate.m */ = {isa = PBXFileReference; lastKnownFileType = sourcecode.c.objc; path = AppDelegate.m; sourceTree = "<group>"; };
		1A3EA2C72034FA4900EC10CE /* ViewController.h */ = {isa = PBXFileReference; lastKnownFileType = sourcecode.c.h; path = ViewController.h; sourceTree = "<group>"; };
		1A3EA2C82034FA4900EC10CE /* ViewController.m */ = {isa = PBXFileReference; lastKnownFileType = sourcecode.c.objc; path = ViewController.m; sourceTree = "<group>"; };
		1A3EA2CB2034FA4900EC10CE /* Base */ = {isa = PBXFileReference; lastKnownFileType = file.storyboard; name = Base; path = Base.lproj/Main.storyboard; sourceTree = "<group>"; };
		1A3EA2CD2034FA4900EC10CE /* Assets.xcassets */ = {isa = PBXFileReference; lastKnownFileType = folder.assetcatalog; path = Assets.xcassets; sourceTree = "<group>"; };
		1A3EA2D02034FA4900EC10CE /* Base */ = {isa = PBXFileReference; lastKnownFileType = file.storyboard; name = Base; path = Base.lproj/LaunchScreen.storyboard; sourceTree = "<group>"; };
		1A3EA2D22034FA4900EC10CE /* Info.plist */ = {isa = PBXFileReference; lastKnownFileType = text.plist.xml; path = Info.plist; sourceTree = "<group>"; };
		1A3EA2D32034FA4900EC10CE /* main.m */ = {isa = PBXFileReference; lastKnownFileType = sourcecode.c.objc; path = main.m; sourceTree = "<group>"; };
		1A3EA2D92034FA4900EC10CE /* CompisTests.xctest */ = {isa = PBXFileReference; explicitFileType = wrapper.cfbundle; includeInIndex = 0; path = CompisTests.xctest; sourceTree = BUILT_PRODUCTS_DIR; };
		1A3EA2DD2034FA4900EC10CE /* CompisTests.m */ = {isa = PBXFileReference; lastKnownFileType = sourcecode.c.objc; path = CompisTests.m; sourceTree = "<group>"; };
		1A3EA2DF2034FA4900EC10CE /* Info.plist */ = {isa = PBXFileReference; lastKnownFileType = text.plist.xml; path = Info.plist; sourceTree = "<group>"; };
		1A3EA2E42034FA4A00EC10CE /* CompisUITests.xctest */ = {isa = PBXFileReference; explicitFileType = wrapper.cfbundle; includeInIndex = 0; path = CompisUITests.xctest; sourceTree = BUILT_PRODUCTS_DIR; };
		1A3EA2E82034FA4A00EC10CE /* CompisUITests.m */ = {isa = PBXFileReference; lastKnownFileType = sourcecode.c.objc; path = CompisUITests.m; sourceTree = "<group>"; };
		1A3EA2EA2034FA4A00EC10CE /* Info.plist */ = {isa = PBXFileReference; lastKnownFileType = text.plist.xml; path = Info.plist; sourceTree = "<group>"; };
		1A3EA31C2034FB5500EC10CE /* tokenizer.lm */ = {isa = PBXFileReference; fileEncoding = 4; lastKnownFileType = sourcecode.lex; path = tokenizer.lm; sourceTree = "<group>"; };
		1A3EA31D2034FB5500EC10CE /* parser.ym */ = {isa = PBXFileReference; fileEncoding = 4; lastKnownFileType = sourcecode.yacc; path = parser.ym; sourceTree = "<group>"; };
		1A3EA3222034FF3A00EC10CE /* Parser Test-Prefix.pch */ = {isa = PBXFileReference; lastKnownFileType = sourcecode.c.h; path = "Parser Test-Prefix.pch"; sourceTree = "<group>"; };
		1A3EA3242034FF7500EC10CE /* UIKit.framework */ = {isa = PBXFileReference; lastKnownFileType = wrapper.framework; name = UIKit.framework; path = System/Library/Frameworks/UIKit.framework; sourceTree = SDKROOT; };
		1A3EA3262034FF9800EC10CE /* CoreGraphics.framework */ = {isa = PBXFileReference; lastKnownFileType = wrapper.framework; name = CoreGraphics.framework; path = System/Library/Frameworks/CoreGraphics.framework; sourceTree = SDKROOT; };
		1A3EA3272034FF9800EC10CE /* Foundation.framework */ = {isa = PBXFileReference; lastKnownFileType = wrapper.framework; name = Foundation.framework; path = System/Library/Frameworks/Foundation.framework; sourceTree = SDKROOT; };
		1A6A267C20532E1200C8E9FF /* DataBridge.h */ = {isa = PBXFileReference; lastKnownFileType = sourcecode.c.h; path = DataBridge.h; sourceTree = "<group>"; };
		1A6A267D20532E8100C8E9FF /* DataBridge.m */ = {isa = PBXFileReference; lastKnownFileType = sourcecode.c.objc; path = DataBridge.m; sourceTree = "<group>"; };
		1A6A267F205335DE00C8E9FF /* Compis-Bridging-Header.h */ = {isa = PBXFileReference; lastKnownFileType = sourcecode.c.h; path = "Compis-Bridging-Header.h"; sourceTree = "<group>"; };
		1A6A2680205335DE00C8E9FF /* Tables.swift */ = {isa = PBXFileReference; lastKnownFileType = sourcecode.swift; path = Tables.swift; sourceTree = "<group>"; };
		1A8DD39A205C68EF00F6070E /* Quadruples.swift */ = {isa = PBXFileReference; lastKnownFileType = sourcecode.swift; path = Quadruples.swift; sourceTree = "<group>"; };
		1A8DD39C205C6D9E00F6070E /* OperationTable.plist */ = {isa = PBXFileReference; lastKnownFileType = text.plist.xml; path = OperationTable.plist; sourceTree = "<group>"; };
		1ABCE2532086CD4A0052D4E6 /* Execution.swift */ = {isa = PBXFileReference; lastKnownFileType = sourcecode.swift; path = Execution.swift; sourceTree = "<group>"; };
		1AD0A88D2068494000AFB9D7 /* VirtualMemory.swift */ = {isa = PBXFileReference; lastKnownFileType = sourcecode.swift; path = VirtualMemory.swift; sourceTree = "<group>"; };
		1AE1C2E9207EC27C00F53B2A /* Structures.swift */ = {isa = PBXFileReference; lastKnownFileType = sourcecode.swift; path = Structures.swift; sourceTree = "<group>"; };
/* End PBXFileReference section */

/* Begin PBXFrameworksBuildPhase section */
		1A3EA2BE2034FA4900EC10CE /* Frameworks */ = {
			isa = PBXFrameworksBuildPhase;
			buildActionMask = 2147483647;
			files = (
				1A3EA3282034FF9800EC10CE /* CoreGraphics.framework in Frameworks */,
				1A3EA3292034FF9800EC10CE /* Foundation.framework in Frameworks */,
				1A3EA3252034FF7600EC10CE /* UIKit.framework in Frameworks */,
			);
			runOnlyForDeploymentPostprocessing = 0;
		};
		1A3EA2D62034FA4900EC10CE /* Frameworks */ = {
			isa = PBXFrameworksBuildPhase;
			buildActionMask = 2147483647;
			files = (
			);
			runOnlyForDeploymentPostprocessing = 0;
		};
		1A3EA2E12034FA4A00EC10CE /* Frameworks */ = {
			isa = PBXFrameworksBuildPhase;
			buildActionMask = 2147483647;
			files = (
			);
			runOnlyForDeploymentPostprocessing = 0;
		};
/* End PBXFrameworksBuildPhase section */

/* Begin PBXGroup section */
		1A3EA2B82034FA4900EC10CE = {
			isa = PBXGroup;
			children = (
				1A3EA2C32034FA4900EC10CE /* Compis */,
				1A3EA2DC2034FA4900EC10CE /* CompisTests */,
				1A3EA2E72034FA4A00EC10CE /* CompisUITests */,
				1A3EA2C22034FA4900EC10CE /* Products */,
				1A3EA3232034FF7500EC10CE /* Frameworks */,
			);
			sourceTree = "<group>";
		};
		1A3EA2C22034FA4900EC10CE /* Products */ = {
			isa = PBXGroup;
			children = (
				1A3EA2C12034FA4900EC10CE /* Compis.app */,
				1A3EA2D92034FA4900EC10CE /* CompisTests.xctest */,
				1A3EA2E42034FA4A00EC10CE /* CompisUITests.xctest */,
			);
			name = Products;
			sourceTree = "<group>";
		};
		1A3EA2C32034FA4900EC10CE /* Compis */ = {
			isa = PBXGroup;
			children = (
				1A3EA3212034FB5C00EC10CE /* Parser */,
				1ABCE2552086FBA80052D4E6 /* Compiler */,
				1A3EA2C42034FA4900EC10CE /* AppDelegate.h */,
				1A3EA2C52034FA4900EC10CE /* AppDelegate.m */,
				1A3EA2C72034FA4900EC10CE /* ViewController.h */,
				1A3EA2C82034FA4900EC10CE /* ViewController.m */,
				1A8DD39C205C6D9E00F6070E /* OperationTable.plist */,
				1A3EA2CA2034FA4900EC10CE /* Main.storyboard */,
				1A3EA2CD2034FA4900EC10CE /* Assets.xcassets */,
				1A3EA2CF2034FA4900EC10CE /* LaunchScreen.storyboard */,
				1A3EA2D22034FA4900EC10CE /* Info.plist */,
				1A3EA2D32034FA4900EC10CE /* main.m */,
				1A3EA3222034FF3A00EC10CE /* Parser Test-Prefix.pch */,
				1A6A267F205335DE00C8E9FF /* Compis-Bridging-Header.h */,
			);
			path = Compis;
			sourceTree = "<group>";
		};
		1A3EA2DC2034FA4900EC10CE /* CompisTests */ = {
			isa = PBXGroup;
			children = (
				1A3EA2DD2034FA4900EC10CE /* CompisTests.m */,
				1A3EA2DF2034FA4900EC10CE /* Info.plist */,
			);
			path = CompisTests;
			sourceTree = "<group>";
		};
		1A3EA2E72034FA4A00EC10CE /* CompisUITests */ = {
			isa = PBXGroup;
			children = (
				1A3EA2E82034FA4A00EC10CE /* CompisUITests.m */,
				1A3EA2EA2034FA4A00EC10CE /* Info.plist */,
			);
			path = CompisUITests;
			sourceTree = "<group>";
		};
		1A3EA3212034FB5C00EC10CE /* Parser */ = {
			isa = PBXGroup;
			children = (
				1A3EA31D2034FB5500EC10CE /* parser.ym */,
				1A3EA31C2034FB5500EC10CE /* tokenizer.lm */,
				1A6A267C20532E1200C8E9FF /* DataBridge.h */,
				1A6A267D20532E8100C8E9FF /* DataBridge.m */,
			);
			path = Parser;
			sourceTree = "<group>";
		};
		1A3EA3232034FF7500EC10CE /* Frameworks */ = {
			isa = PBXGroup;
			children = (
				1A3EA3262034FF9800EC10CE /* CoreGraphics.framework */,
				1A3EA3272034FF9800EC10CE /* Foundation.framework */,
				1A3EA3242034FF7500EC10CE /* UIKit.framework */,
			);
			name = Frameworks;
			sourceTree = "<group>";
		};
		1ABCE2552086FBA80052D4E6 /* Compiler */ = {
			isa = PBXGroup;
			children = (
				1AE1C2E9207EC27C00F53B2A /* Structures.swift */,
				0514203120688A1C00BE8CE6 /* Wrapper.swift */,
				1A6A2680205335DE00C8E9FF /* Tables.swift */,
				1A8DD39A205C68EF00F6070E /* Quadruples.swift */,
				1AD0A88D2068494000AFB9D7 /* VirtualMemory.swift */,
				1ABCE2532086CD4A0052D4E6 /* Execution.swift */,
				058C878020868327009CF8AB /* Memory.swift */,
			);
			path = Compiler;
			sourceTree = "<group>";
		};
/* End PBXGroup section */

/* Begin PBXNativeTarget section */
		1A3EA2C02034FA4900EC10CE /* Compis */ = {
			isa = PBXNativeTarget;
			buildConfigurationList = 1A3EA2ED2034FA4A00EC10CE /* Build configuration list for PBXNativeTarget "Compis" */;
			buildPhases = (
				1A3EA2BD2034FA4900EC10CE /* Sources */,
				1A3EA2BE2034FA4900EC10CE /* Frameworks */,
				1A3EA2BF2034FA4900EC10CE /* Resources */,
			);
			buildRules = (
			);
			dependencies = (
			);
			name = Compis;
			productName = Compis;
			productReference = 1A3EA2C12034FA4900EC10CE /* Compis.app */;
			productType = "com.apple.product-type.application";
		};
		1A3EA2D82034FA4900EC10CE /* CompisTests */ = {
			isa = PBXNativeTarget;
			buildConfigurationList = 1A3EA2F02034FA4A00EC10CE /* Build configuration list for PBXNativeTarget "CompisTests" */;
			buildPhases = (
				1A3EA2D52034FA4900EC10CE /* Sources */,
				1A3EA2D62034FA4900EC10CE /* Frameworks */,
				1A3EA2D72034FA4900EC10CE /* Resources */,
			);
			buildRules = (
			);
			dependencies = (
				1A3EA2DB2034FA4900EC10CE /* PBXTargetDependency */,
			);
			name = CompisTests;
			productName = CompisTests;
			productReference = 1A3EA2D92034FA4900EC10CE /* CompisTests.xctest */;
			productType = "com.apple.product-type.bundle.unit-test";
		};
		1A3EA2E32034FA4A00EC10CE /* CompisUITests */ = {
			isa = PBXNativeTarget;
			buildConfigurationList = 1A3EA2F32034FA4A00EC10CE /* Build configuration list for PBXNativeTarget "CompisUITests" */;
			buildPhases = (
				1A3EA2E02034FA4A00EC10CE /* Sources */,
				1A3EA2E12034FA4A00EC10CE /* Frameworks */,
				1A3EA2E22034FA4A00EC10CE /* Resources */,
			);
			buildRules = (
			);
			dependencies = (
				1A3EA2E62034FA4A00EC10CE /* PBXTargetDependency */,
			);
			name = CompisUITests;
			productName = CompisUITests;
			productReference = 1A3EA2E42034FA4A00EC10CE /* CompisUITests.xctest */;
			productType = "com.apple.product-type.bundle.ui-testing";
		};
/* End PBXNativeTarget section */

/* Begin PBXProject section */
		1A3EA2B92034FA4900EC10CE /* Project object */ = {
			isa = PBXProject;
			attributes = {
				LastUpgradeCheck = 0920;
				ORGANIZATIONNAME = "Jessica M Cavazos Erhard";
				TargetAttributes = {
					1A3EA2C02034FA4900EC10CE = {
						CreatedOnToolsVersion = 9.2;
						LastSwiftMigration = 0920;
						ProvisioningStyle = Automatic;
					};
					1A3EA2D82034FA4900EC10CE = {
						CreatedOnToolsVersion = 9.2;
						ProvisioningStyle = Automatic;
						TestTargetID = 1A3EA2C02034FA4900EC10CE;
					};
					1A3EA2E32034FA4A00EC10CE = {
						CreatedOnToolsVersion = 9.2;
						ProvisioningStyle = Automatic;
						TestTargetID = 1A3EA2C02034FA4900EC10CE;
					};
				};
			};
			buildConfigurationList = 1A3EA2BC2034FA4900EC10CE /* Build configuration list for PBXProject "Compis" */;
			compatibilityVersion = "Xcode 8.0";
			developmentRegion = en;
			hasScannedForEncodings = 0;
			knownRegions = (
				en,
				Base,
			);
			mainGroup = 1A3EA2B82034FA4900EC10CE;
			productRefGroup = 1A3EA2C22034FA4900EC10CE /* Products */;
			projectDirPath = "";
			projectRoot = "";
			targets = (
				1A3EA2C02034FA4900EC10CE /* Compis */,
				1A3EA2D82034FA4900EC10CE /* CompisTests */,
				1A3EA2E32034FA4A00EC10CE /* CompisUITests */,
			);
		};
/* End PBXProject section */

/* Begin PBXResourcesBuildPhase section */
		1A3EA2BF2034FA4900EC10CE /* Resources */ = {
			isa = PBXResourcesBuildPhase;
			buildActionMask = 2147483647;
			files = (
				1A3EA2D12034FA4900EC10CE /* LaunchScreen.storyboard in Resources */,
				1A3EA2CE2034FA4900EC10CE /* Assets.xcassets in Resources */,
				1A3EA2CC2034FA4900EC10CE /* Main.storyboard in Resources */,
				1A8DD39D205C6D9E00F6070E /* OperationTable.plist in Resources */,
			);
			runOnlyForDeploymentPostprocessing = 0;
		};
		1A3EA2D72034FA4900EC10CE /* Resources */ = {
			isa = PBXResourcesBuildPhase;
			buildActionMask = 2147483647;
			files = (
			);
			runOnlyForDeploymentPostprocessing = 0;
		};
		1A3EA2E22034FA4A00EC10CE /* Resources */ = {
			isa = PBXResourcesBuildPhase;
			buildActionMask = 2147483647;
			files = (
			);
			runOnlyForDeploymentPostprocessing = 0;
		};
/* End PBXResourcesBuildPhase section */

/* Begin PBXSourcesBuildPhase section */
		1A3EA2BD2034FA4900EC10CE /* Sources */ = {
			isa = PBXSourcesBuildPhase;
			buildActionMask = 2147483647;
			files = (
				058C878120868327009CF8AB /* Memory.swift in Sources */,
				1A3EA2C92034FA4900EC10CE /* ViewController.m in Sources */,
				1ABCE2542086CD4A0052D4E6 /* Execution.swift in Sources */,
				1A3EA3202034FB5500EC10CE /* parser.ym in Sources */,
				1A6A267E20532E8100C8E9FF /* DataBridge.m in Sources */,
				1A6A2681205335DE00C8E9FF /* Tables.swift in Sources */,
				1A3EA31F2034FB5500EC10CE /* tokenizer.lm in Sources */,
				1A3EA2D42034FA4900EC10CE /* main.m in Sources */,
				0514203220688A1C00BE8CE6 /* Wrapper.swift in Sources */,
				1AD0A88E2068494000AFB9D7 /* VirtualMemory.swift in Sources */,
				1AE1C2EA207EC27C00F53B2A /* Structures.swift in Sources */,
				1A8DD39B205C68EF00F6070E /* Quadruples.swift in Sources */,
				1A3EA2C62034FA4900EC10CE /* AppDelegate.m in Sources */,
			);
			runOnlyForDeploymentPostprocessing = 0;
		};
		1A3EA2D52034FA4900EC10CE /* Sources */ = {
			isa = PBXSourcesBuildPhase;
			buildActionMask = 2147483647;
			files = (
				1A3EA2DE2034FA4900EC10CE /* CompisTests.m in Sources */,
			);
			runOnlyForDeploymentPostprocessing = 0;
		};
		1A3EA2E02034FA4A00EC10CE /* Sources */ = {
			isa = PBXSourcesBuildPhase;
			buildActionMask = 2147483647;
			files = (
				1A3EA2E92034FA4A00EC10CE /* CompisUITests.m in Sources */,
			);
			runOnlyForDeploymentPostprocessing = 0;
		};
/* End PBXSourcesBuildPhase section */

/* Begin PBXTargetDependency section */
		1A3EA2DB2034FA4900EC10CE /* PBXTargetDependency */ = {
			isa = PBXTargetDependency;
			target = 1A3EA2C02034FA4900EC10CE /* Compis */;
			targetProxy = 1A3EA2DA2034FA4900EC10CE /* PBXContainerItemProxy */;
		};
		1A3EA2E62034FA4A00EC10CE /* PBXTargetDependency */ = {
			isa = PBXTargetDependency;
			target = 1A3EA2C02034FA4900EC10CE /* Compis */;
			targetProxy = 1A3EA2E52034FA4A00EC10CE /* PBXContainerItemProxy */;
		};
/* End PBXTargetDependency section */

/* Begin PBXVariantGroup section */
		1A3EA2CA2034FA4900EC10CE /* Main.storyboard */ = {
			isa = PBXVariantGroup;
			children = (
				1A3EA2CB2034FA4900EC10CE /* Base */,
			);
			name = Main.storyboard;
			sourceTree = "<group>";
		};
		1A3EA2CF2034FA4900EC10CE /* LaunchScreen.storyboard */ = {
			isa = PBXVariantGroup;
			children = (
				1A3EA2D02034FA4900EC10CE /* Base */,
			);
			name = LaunchScreen.storyboard;
			sourceTree = "<group>";
		};
/* End PBXVariantGroup section */

/* Begin XCBuildConfiguration section */
		1A3EA2EB2034FA4A00EC10CE /* Debug */ = {
			isa = XCBuildConfiguration;
			buildSettings = {
				ALWAYS_SEARCH_USER_PATHS = NO;
				CLANG_ANALYZER_NONNULL = YES;
				CLANG_ANALYZER_NUMBER_OBJECT_CONVERSION = YES_AGGRESSIVE;
				CLANG_CXX_LANGUAGE_STANDARD = "gnu++14";
				CLANG_CXX_LIBRARY = "libc++";
				CLANG_ENABLE_MODULES = YES;
				CLANG_ENABLE_OBJC_ARC = YES;
				CLANG_WARN_BLOCK_CAPTURE_AUTORELEASING = YES;
				CLANG_WARN_BOOL_CONVERSION = YES;
				CLANG_WARN_COMMA = YES;
				CLANG_WARN_CONSTANT_CONVERSION = YES;
				CLANG_WARN_DIRECT_OBJC_ISA_USAGE = YES_ERROR;
				CLANG_WARN_DOCUMENTATION_COMMENTS = YES;
				CLANG_WARN_EMPTY_BODY = YES;
				CLANG_WARN_ENUM_CONVERSION = YES;
				CLANG_WARN_INFINITE_RECURSION = YES;
				CLANG_WARN_INT_CONVERSION = YES;
				CLANG_WARN_NON_LITERAL_NULL_CONVERSION = YES;
				CLANG_WARN_OBJC_LITERAL_CONVERSION = YES;
				CLANG_WARN_OBJC_ROOT_CLASS = YES_ERROR;
				CLANG_WARN_RANGE_LOOP_ANALYSIS = YES;
				CLANG_WARN_STRICT_PROTOTYPES = YES;
				CLANG_WARN_SUSPICIOUS_MOVE = YES;
				CLANG_WARN_UNGUARDED_AVAILABILITY = YES_AGGRESSIVE;
				CLANG_WARN_UNREACHABLE_CODE = YES;
				CLANG_WARN__DUPLICATE_METHOD_MATCH = YES;
				CODE_SIGN_IDENTITY = "iPhone Developer";
				COPY_PHASE_STRIP = NO;
				DEBUG_INFORMATION_FORMAT = dwarf;
				ENABLE_STRICT_OBJC_MSGSEND = YES;
				ENABLE_TESTABILITY = YES;
				GCC_C_LANGUAGE_STANDARD = gnu11;
				GCC_DYNAMIC_NO_PIC = NO;
				GCC_NO_COMMON_BLOCKS = YES;
				GCC_OPTIMIZATION_LEVEL = 0;
				GCC_PREPROCESSOR_DEFINITIONS = (
					"DEBUG=1",
					"$(inherited)",
				);
				GCC_WARN_64_TO_32_BIT_CONVERSION = YES;
				GCC_WARN_ABOUT_RETURN_TYPE = YES_ERROR;
				GCC_WARN_UNDECLARED_SELECTOR = YES;
				GCC_WARN_UNINITIALIZED_AUTOS = YES_AGGRESSIVE;
				GCC_WARN_UNUSED_FUNCTION = YES;
				GCC_WARN_UNUSED_VARIABLE = YES;
				IPHONEOS_DEPLOYMENT_TARGET = 11.2;
				MTL_ENABLE_DEBUG_INFO = YES;
				ONLY_ACTIVE_ARCH = YES;
				SDKROOT = iphoneos;
			};
			name = Debug;
		};
		1A3EA2EC2034FA4A00EC10CE /* Release */ = {
			isa = XCBuildConfiguration;
			buildSettings = {
				ALWAYS_SEARCH_USER_PATHS = NO;
				CLANG_ANALYZER_NONNULL = YES;
				CLANG_ANALYZER_NUMBER_OBJECT_CONVERSION = YES_AGGRESSIVE;
				CLANG_CXX_LANGUAGE_STANDARD = "gnu++14";
				CLANG_CXX_LIBRARY = "libc++";
				CLANG_ENABLE_MODULES = YES;
				CLANG_ENABLE_OBJC_ARC = YES;
				CLANG_WARN_BLOCK_CAPTURE_AUTORELEASING = YES;
				CLANG_WARN_BOOL_CONVERSION = YES;
				CLANG_WARN_COMMA = YES;
				CLANG_WARN_CONSTANT_CONVERSION = YES;
				CLANG_WARN_DIRECT_OBJC_ISA_USAGE = YES_ERROR;
				CLANG_WARN_DOCUMENTATION_COMMENTS = YES;
				CLANG_WARN_EMPTY_BODY = YES;
				CLANG_WARN_ENUM_CONVERSION = YES;
				CLANG_WARN_INFINITE_RECURSION = YES;
				CLANG_WARN_INT_CONVERSION = YES;
				CLANG_WARN_NON_LITERAL_NULL_CONVERSION = YES;
				CLANG_WARN_OBJC_LITERAL_CONVERSION = YES;
				CLANG_WARN_OBJC_ROOT_CLASS = YES_ERROR;
				CLANG_WARN_RANGE_LOOP_ANALYSIS = YES;
				CLANG_WARN_STRICT_PROTOTYPES = YES;
				CLANG_WARN_SUSPICIOUS_MOVE = YES;
				CLANG_WARN_UNGUARDED_AVAILABILITY = YES_AGGRESSIVE;
				CLANG_WARN_UNREACHABLE_CODE = YES;
				CLANG_WARN__DUPLICATE_METHOD_MATCH = YES;
				CODE_SIGN_IDENTITY = "iPhone Developer";
				COPY_PHASE_STRIP = NO;
				DEBUG_INFORMATION_FORMAT = "dwarf-with-dsym";
				ENABLE_NS_ASSERTIONS = NO;
				ENABLE_STRICT_OBJC_MSGSEND = YES;
				GCC_C_LANGUAGE_STANDARD = gnu11;
				GCC_NO_COMMON_BLOCKS = YES;
				GCC_WARN_64_TO_32_BIT_CONVERSION = YES;
				GCC_WARN_ABOUT_RETURN_TYPE = YES_ERROR;
				GCC_WARN_UNDECLARED_SELECTOR = YES;
				GCC_WARN_UNINITIALIZED_AUTOS = YES_AGGRESSIVE;
				GCC_WARN_UNUSED_FUNCTION = YES;
				GCC_WARN_UNUSED_VARIABLE = YES;
				IPHONEOS_DEPLOYMENT_TARGET = 11.2;
				MTL_ENABLE_DEBUG_INFO = NO;
				SDKROOT = iphoneos;
				VALIDATE_PRODUCT = YES;
			};
			name = Release;
		};
		1A3EA2EE2034FA4A00EC10CE /* Debug */ = {
			isa = XCBuildConfiguration;
			buildSettings = {
				ASSETCATALOG_COMPILER_APPICON_NAME = AppIcon;
				CLANG_ENABLE_MODULES = YES;
				CODE_SIGN_STYLE = Automatic;
				DEVELOPMENT_TEAM = 6RBBWM63CX;
				INFOPLIST_FILE = Compis/Info.plist;
				LD_RUNPATH_SEARCH_PATHS = "$(inherited) @executable_path/Frameworks";
				PRODUCT_BUNDLE_IDENTIFIER = JMCE.Compis;
				PRODUCT_NAME = "$(TARGET_NAME)";
				SWIFT_OBJC_BRIDGING_HEADER = "Compis/Compis-Bridging-Header.h";
				SWIFT_OPTIMIZATION_LEVEL = "-Onone";
				SWIFT_VERSION = 3.0;
				TARGETED_DEVICE_FAMILY = "1,2";
			};
			name = Debug;
		};
		1A3EA2EF2034FA4A00EC10CE /* Release */ = {
			isa = XCBuildConfiguration;
			buildSettings = {
				ASSETCATALOG_COMPILER_APPICON_NAME = AppIcon;
				CLANG_ENABLE_MODULES = YES;
				CODE_SIGN_STYLE = Automatic;
				DEVELOPMENT_TEAM = 6RBBWM63CX;
				INFOPLIST_FILE = Compis/Info.plist;
				LD_RUNPATH_SEARCH_PATHS = "$(inherited) @executable_path/Frameworks";
				PRODUCT_BUNDLE_IDENTIFIER = JMCE.Compis;
				PRODUCT_NAME = "$(TARGET_NAME)";
				SWIFT_OBJC_BRIDGING_HEADER = "Compis/Compis-Bridging-Header.h";
				SWIFT_VERSION = 3.0;
				TARGETED_DEVICE_FAMILY = "1,2";
			};
			name = Release;
		};
		1A3EA2F12034FA4A00EC10CE /* Debug */ = {
			isa = XCBuildConfiguration;
			buildSettings = {
				ALWAYS_EMBED_SWIFT_STANDARD_LIBRARIES = YES;
				BUNDLE_LOADER = "$(TEST_HOST)";
				CODE_SIGN_STYLE = Automatic;
				DEVELOPMENT_TEAM = 6RBBWM63CX;
				INFOPLIST_FILE = CompisTests/Info.plist;
				LD_RUNPATH_SEARCH_PATHS = "$(inherited) @executable_path/Frameworks @loader_path/Frameworks";
				PRODUCT_BUNDLE_IDENTIFIER = JMCE.CompisTests;
				PRODUCT_NAME = "$(TARGET_NAME)";
				TARGETED_DEVICE_FAMILY = "1,2";
				TEST_HOST = "$(BUILT_PRODUCTS_DIR)/Compis.app/Compis";
			};
			name = Debug;
		};
		1A3EA2F22034FA4A00EC10CE /* Release */ = {
			isa = XCBuildConfiguration;
			buildSettings = {
				ALWAYS_EMBED_SWIFT_STANDARD_LIBRARIES = YES;
				BUNDLE_LOADER = "$(TEST_HOST)";
				CODE_SIGN_STYLE = Automatic;
				DEVELOPMENT_TEAM = 6RBBWM63CX;
				INFOPLIST_FILE = CompisTests/Info.plist;
				LD_RUNPATH_SEARCH_PATHS = "$(inherited) @executable_path/Frameworks @loader_path/Frameworks";
				PRODUCT_BUNDLE_IDENTIFIER = JMCE.CompisTests;
				PRODUCT_NAME = "$(TARGET_NAME)";
				TARGETED_DEVICE_FAMILY = "1,2";
				TEST_HOST = "$(BUILT_PRODUCTS_DIR)/Compis.app/Compis";
			};
			name = Release;
		};
		1A3EA2F42034FA4A00EC10CE /* Debug */ = {
			isa = XCBuildConfiguration;
			buildSettings = {
				ALWAYS_EMBED_SWIFT_STANDARD_LIBRARIES = YES;
				CODE_SIGN_STYLE = Automatic;
				DEVELOPMENT_TEAM = 6RBBWM63CX;
				INFOPLIST_FILE = CompisUITests/Info.plist;
				LD_RUNPATH_SEARCH_PATHS = "$(inherited) @executable_path/Frameworks @loader_path/Frameworks";
				PRODUCT_BUNDLE_IDENTIFIER = JMCE.CompisUITests;
				PRODUCT_NAME = "$(TARGET_NAME)";
				TARGETED_DEVICE_FAMILY = "1,2";
				TEST_TARGET_NAME = Compis;
			};
			name = Debug;
		};
		1A3EA2F52034FA4A00EC10CE /* Release */ = {
			isa = XCBuildConfiguration;
			buildSettings = {
				ALWAYS_EMBED_SWIFT_STANDARD_LIBRARIES = YES;
				CODE_SIGN_STYLE = Automatic;
				DEVELOPMENT_TEAM = 6RBBWM63CX;
				INFOPLIST_FILE = CompisUITests/Info.plist;
				LD_RUNPATH_SEARCH_PATHS = "$(inherited) @executable_path/Frameworks @loader_path/Frameworks";
				PRODUCT_BUNDLE_IDENTIFIER = JMCE.CompisUITests;
				PRODUCT_NAME = "$(TARGET_NAME)";
				TARGETED_DEVICE_FAMILY = "1,2";
				TEST_TARGET_NAME = Compis;
			};
			name = Release;
		};
/* End XCBuildConfiguration section */

/* Begin XCConfigurationList section */
		1A3EA2BC2034FA4900EC10CE /* Build configuration list for PBXProject "Compis" */ = {
			isa = XCConfigurationList;
			buildConfigurations = (
				1A3EA2EB2034FA4A00EC10CE /* Debug */,
				1A3EA2EC2034FA4A00EC10CE /* Release */,
			);
			defaultConfigurationIsVisible = 0;
			defaultConfigurationName = Release;
		};
		1A3EA2ED2034FA4A00EC10CE /* Build configuration list for PBXNativeTarget "Compis" */ = {
			isa = XCConfigurationList;
			buildConfigurations = (
				1A3EA2EE2034FA4A00EC10CE /* Debug */,
				1A3EA2EF2034FA4A00EC10CE /* Release */,
			);
			defaultConfigurationIsVisible = 0;
			defaultConfigurationName = Release;
		};
		1A3EA2F02034FA4A00EC10CE /* Build configuration list for PBXNativeTarget "CompisTests" */ = {
			isa = XCConfigurationList;
			buildConfigurations = (
				1A3EA2F12034FA4A00EC10CE /* Debug */,
				1A3EA2F22034FA4A00EC10CE /* Release */,
			);
			defaultConfigurationIsVisible = 0;
			defaultConfigurationName = Release;
		};
		1A3EA2F32034FA4A00EC10CE /* Build configuration list for PBXNativeTarget "CompisUITests" */ = {
			isa = XCConfigurationList;
			buildConfigurations = (
				1A3EA2F42034FA4A00EC10CE /* Debug */,
				1A3EA2F52034FA4A00EC10CE /* Release */,
			);
			defaultConfigurationIsVisible = 0;
			defaultConfigurationName = Release;
		};
/* End XCConfigurationList section */
	};
	rootObject = 1A3EA2B92034FA4900EC10CE /* Project object */;
}
